
Microsoft Visual Studio Solution File, Format Version 12.00
# Visual Studio 15
VisualStudioVersion = 15.0.28307.1738
MinimumVisualStudioVersion = 10.0.40219.1
Project("{FAE04EC0-301F-11D3-BF4B-00C04F79EFBC}") = "Guider", "Guider\Guider.csproj", "{B2D7444C-128B-4F0E-8A80-60D9D2773083}"
EndProject
Global
	GlobalSection(SolutionConfigurationPlatforms) = preSolution
		Debug|Any CPU = Debug|Any CPU
		Release|Any CPU = Release|Any CPU
	EndGlobalSection
	GlobalSection(ProjectConfigurationPlatforms) = postSolution
		{B2D7444C-128B-4F0E-8A80-60D9D2773083}.Debug|Any CPU.ActiveCfg = Debug|Any CPU
		{B2D7444C-128B-4F0E-8A80-60D9D2773083}.Debug|Any CPU.Build.0 = Debug|Any CPU
		{B2D7444C-128B-4F0E-8A80-60D9D2773083}.Release|Any CPU.ActiveCfg = Release|Any CPU
		{B2D7444C-128B-4F0E-8A80-60D9D2773083}.Release|Any CPU.Build.0 = Release|Any CPU
	EndGlobalSection
	GlobalSection(SolutionProperties) = preSolution
		HideSolutionNode = FALSE
	EndGlobalSection
	GlobalSection(ExtensibilityGlobals) = postSolution
		SolutionGuid = {5D9DF096-AE49-493A-9E77-BF92D0CCB559}
	EndGlobalSection
EndGlobal
